{
  "name": "npvd-fixture-mono",
  "version": "0.0.0",
  "lockfileVersion": 3,
  "requires": true,
  "packages": {
    "": {
      "name": "npvd-fixture-mono",
      "version": "0.0.0",
      "workspaces": [
        "packages/a",
        "packages/b"
      ]
    },
    "node_modules/@npvd-fixture/a": {
      "resolved": "packages/a",
      "link": true
    },
    "node_modules/@npvd-fixture/b": {
      "resolved": "packages/b",
      "link": true
    },
    "node_modules/commander": {
      "version": "14.0.0",
      "resolved": "https://registry.npmjs.org/commander/-/commander-14.0.0.tgz",
      "integrity": "sha512-2uM9rYjPvyq39NwLRqaiLtWHyDC1FvryJDa2ATTVims5YAS4PupsEQsDvP14FqhFr0P49CYDugi59xaxJlTXRA==",
      "license": "MIT",
      "engines": {
        "node": ">=20"
      }
    },
    "packages/a": {
      "name": "@npvd-fixture/a",
      "version": "0.0.1",
      "dependencies": {
        "commander": "14.0.0"
      }
    },
    "packages/b": {
      "name": "@npvd-fixture/b",
      "version": "0.0.0",
      "dependencies": {
        "commander": "13.0.0"
      }
    },
    "packages/b/node_modules/commander": {
      "version": "13.0.0",
      "resolved": "https://registry.npmjs.org/commander/-/commander-13.0.0.tgz",
      "integrity": "sha512-oPYleIY8wmTVzkvQq10AEok6YcTC4sRUBl8F9gVuwchGVUCTbl/vhLTaQqutuuySYOsu8YTgV+OxKc/8Yvx+mQ==",
      "license": "MIT",
      "engines": {
        "node": ">=18"
      }
    }
  }
}
