# This file is generated by running "yarn install" inside your project.
# Manual changes might be lost - proceed with caution!

__metadata:
  version: 8
  cacheKey: 10c0

"chalk@npm:5.3.0":
  version: 5.3.0
  resolution: "chalk@npm:5.3.0"
  checksum: 10c0/8297d436b2c0f95801103ff2ef67268d362021b8210daf8ddbe349695333eb3610a71122172ff3b0272f1ef2cf7cc2c41fdaa4715f52e49ffe04c56340feed09
  languageName: node
  linkType: hard

"commander@npm:13.0.0":
  version: 13.0.0
  resolution: "commander@npm:13.0.0"
  checksum: 10c0/8ba1e2b83bfdbcefd967aa505f5f5dc58202aa5f8e10437f61f6980dd8a69f868dba439a261f9fb72fc543c5f6fe58140e37b001a4c70b92ae22527abe94dfe1
  languageName: node
  linkType: hard

"dayjs@npm:1.11.20":
  version: 1.11.20
  resolution: "dayjs@npm:1.11.20"
  checksum: 10c0/8af525e2aa100c8db9923d706c42b2b2d30579faf89456619413a5c10916efc92c2b166e193c27c02eb3174b30aa440ee1e7b72b0a2876b3da651d204db848a0
  languageName: node
  linkType: hard

"npvd-fixture@workspace:.":
  version: 0.0.0-use.local
  resolution: "npvd-fixture@workspace:."
  dependencies:
    chalk: "npm:5.3.0"
    commander: "npm:13.0.0"
    dayjs: "npm:1.11.20"
    picocolors: "npm:1.0.0"
  peerDependencies:
    typescript: 5.5.4
  dependenciesMeta:
    picocolors:
      optional: true
  languageName: unknown
  linkType: soft

"picocolors@npm:1.0.0":
  version: 1.0.0
  resolution: "picocolors@npm:1.0.0"
  checksum: 10c0/20a5b249e331c14479d94ec6817a182fd7a5680debae82705747b2db7ec50009a5f6648d0621c561b0572703f84dbef0858abcbd5856d3c5511426afcb1961f7
  languageName: node
  linkType: hard
