# This file is generated by running "yarn install" inside your project.
# Manual changes might be lost - proceed with caution!

__metadata:
  version: 8
  cacheKey: 10c0

"@npvd-fixture/a@workspace:packages/a":
  version: 0.0.0-use.local
  resolution: "@npvd-fixture/a@workspace:packages/a"
  dependencies:
    commander: "npm:14.0.0"
  languageName: unknown
  linkType: soft

"@npvd-fixture/b@workspace:packages/b":
  version: 0.0.0-use.local
  resolution: "@npvd-fixture/b@workspace:packages/b"
  dependencies:
    commander: "npm:13.0.0"
  languageName: unknown
  linkType: soft

"commander@npm:13.0.0":
  version: 13.0.0
  resolution: "commander@npm:13.0.0"
  checksum: 10c0/8ba1e2b83bfdbcefd967aa505f5f5dc58202aa5f8e10437f61f6980dd8a69f868dba439a261f9fb72fc543c5f6fe58140e37b001a4c70b92ae22527abe94dfe1
  languageName: node
  linkType: hard

"commander@npm:14.0.0":
  version: 14.0.0
  resolution: "commander@npm:14.0.0"
  checksum: 10c0/73c4babfa558077868d84522b11ef56834165d472b9e86a634cd4c3ae7fc72d59af6377d8878e06bd570fe8f3161eced3cbe383c38f7093272bb65bd242b595b
  languageName: node
  linkType: hard

"npvd-fixture-mono@workspace:.":
  version: 0.0.0-use.local
  resolution: "npvd-fixture-mono@workspace:."
  languageName: unknown
  linkType: soft
